
Microsoft Visual Studio Solution File, Format Version 12.00
# Visual Studio 15
VisualStudioVersion = 15.0.28307.136
MinimumVisualStudioVersion = 10.0.40219.1
Project("{8BC9CEB8-8B4A-11D0-8D11-00A0C91BC942}") = "C_Learning", "C_Learning\C_Learning.vcxproj", "{7A2520EC-D4B1-43C2-8F51-516255A3388F}"
EndProject
Global
	GlobalSection(SolutionConfigurationPlatforms) = preSolution
		Debug|x64 = Debug|x64
		Debug|x86 = Debug|x86
		Release|x64 = Release|x64
		Release|x86 = Release|x86
	EndGlobalSection
	GlobalSection(ProjectConfigurationPlatforms) = postSolution
		{7A2520EC-D4B1-43C2-8F51-516255A3388F}.Debug|x64.ActiveCfg = Debug|Win32
		{7A2520EC-D4B1-43C2-8F51-516255A3388F}.Debug|x64.Build.0 = Debug|Win32
		{7A2520EC-D4B1-43C2-8F51-516255A3388F}.Debug|x86.ActiveCfg = Debug|x64
		{7A2520EC-D4B1-43C2-8F51-516255A3388F}.Debug|x86.Build.0 = Debug|x64
		{7A2520EC-D4B1-43C2-8F51-516255A3388F}.Release|x64.ActiveCfg = Release|x64
		{7A2520EC-D4B1-43C2-8F51-516255A3388F}.Release|x64.Build.0 = Release|x64
		{7A2520EC-D4B1-43C2-8F51-516255A3388F}.Release|x86.ActiveCfg = Release|Win32
		{7A2520EC-D4B1-43C2-8F51-516255A3388F}.Release|x86.Build.0 = Release|Win32
	EndGlobalSection
	GlobalSection(SolutionProperties) = preSolution
		HideSolutionNode = FALSE
	EndGlobalSection
	GlobalSection(ExtensibilityGlobals) = postSolution
		SolutionGuid = {90AEB15C-F6DE-42E4-807C-5AE39FF32BC4}
	EndGlobalSection
EndGlobal
